
Microsoft Visual Studio Solution File, Format Version 12.00
# Visual Studio 2013
VisualStudioVersion = 12.0.40629.0
MinimumVisualStudioVersion = 10.0.40219.1
Project("{FAE04EC0-301F-11D3-BF4B-00C04F79EFBC}") = "DapperExample", "DapperExample\DapperExample.csproj", "{03751471-6C0A-4162-A3FB-AA9830F257C5}"
EndProject
Project("{FAE04EC0-301F-11D3-BF4B-00C04F79EFBC}") = "DapperCore", "DapperCore\DapperCore.csproj", "{6EE5335D-53C2-4699-8D06-6A8C1C0CEDA1}"
EndProject
Global
	GlobalSection(SolutionConfigurationPlatforms) = preSolution
		Debug|Any CPU = Debug|Any CPU
		Release|Any CPU = Release|Any CPU
	EndGlobalSection
	GlobalSection(ProjectConfigurationPlatforms) = postSolution
		{03751471-6C0A-4162-A3FB-AA9830F257C5}.Debug|Any CPU.ActiveCfg = Debug|Any CPU
		{03751471-6C0A-4162-A3FB-AA9830F257C5}.Debug|Any CPU.Build.0 = Debug|Any CPU
		{03751471-6C0A-4162-A3FB-AA9830F257C5}.Release|Any CPU.ActiveCfg = Release|Any CPU
		{03751471-6C0A-4162-A3FB-AA9830F257C5}.Release|Any CPU.Build.0 = Release|Any CPU
		{6EE5335D-53C2-4699-8D06-6A8C1C0CEDA1}.Debug|Any CPU.ActiveCfg = Debug|Any CPU
		{6EE5335D-53C2-4699-8D06-6A8C1C0CEDA1}.Debug|Any CPU.Build.0 = Debug|Any CPU
		{6EE5335D-53C2-4699-8D06-6A8C1C0CEDA1}.Release|Any CPU.ActiveCfg = Release|Any CPU
		{6EE5335D-53C2-4699-8D06-6A8C1C0CEDA1}.Release|Any CPU.Build.0 = Release|Any CPU
	EndGlobalSection
	GlobalSection(SolutionProperties) = preSolution
		HideSolutionNode = FALSE
	EndGlobalSection
EndGlobal
